PODS:
  - AFNetworking (3.2.1):
    - AFNetworking/NSURLSession (= 3.2.1)
    - AFNetworking/Reachability (= 3.2.1)
    - AFNetworking/Security (= 3.2.1)
    - AFNetworking/Serialization (= 3.2.1)
    - AFNetworking/UIKit (= 3.2.1)
  - AFNetworking/NSURLSession (3.2.1):
    - AFNetworking/Reachability
    - AFNetworking/Security
    - AFNetworking/Serialization
  - AFNetworking/Reachability (3.2.1)
  - AFNetworking/Security (3.2.1)
  - AFNetworking/Serialization (3.2.1)
  - AFNetworking/UIKit (3.2.1):
    - AFNetworking/NSURLSession
  - JSONModel (1.8.0)
  - uqpay-hostui (1.0.2):
    - uqpay-hostui/HostUI (= 1.0.2)
  - uqpay-hostui/HostUI (1.0.2):
    - AFNetworking (~> 3.2.1)
    - JSONModel (~> 1.8.0)
    - uqpay-hostui/UIKit
    - WHToast (~> 0.0.2)
  - uqpay-hostui/UIKit (1.0.2)
  - WHToast (0.0.3)

DEPENDENCIES:
  - AFNetworking (~> 3.2)
  - JSONModel (~> 1.8)
  - uqpay-hostui (from `./`)
  - WHToast (~> 0.0.2)

SPEC REPOS:
  trunk:
    - AFNetworking
    - JSONModel
    - WHToast

EXTERNAL SOURCES:
  uqpay-hostui:
    :path: "./"

SPEC CHECKSUMS:
  AFNetworking: b6f891fdfaed196b46c7a83cf209e09697b94057
  JSONModel: 02ab723958366a3fd27da57ea2af2113658762e9
  uqpay-hostui: e4e21dffb2fc721488d8815448b5c733671f4d53
  WHToast: 30d7f1734ff57b391da4050fab13a2af0e95638c

PODFILE CHECKSUM: 3079ebb4dfc381a4a3ea7fb775396fb8e97c14af

COCOAPODS: 1.8.4
